
Microsoft Visual Studio Solution File, Format Version 12.00
# Visual Studio Version 17
VisualStudioVersion = 17.1.32328.378
MinimumVisualStudioVersion = 10.0.40219.1
Project("{FAE04EC0-301F-11D3-BF4B-00C04F79EFBC}") = "A3Redis", "A3Redis\A3Redis.csproj", "{7E01FA26-76A5-457D-ADED-B863B61904AE}"
EndProject
Global
	GlobalSection(SolutionConfigurationPlatforms) = preSolution
		Debug|Any CPU = Debug|Any CPU
		Release|Any CPU = Release|Any CPU
	EndGlobalSection
	GlobalSection(ProjectConfigurationPlatforms) = postSolution
		{7E01FA26-76A5-457D-ADED-B863B61904AE}.Debug|Any CPU.ActiveCfg = Debug|Any CPU
		{7E01FA26-76A5-457D-ADED-B863B61904AE}.Debug|Any CPU.Build.0 = Debug|Any CPU
		{7E01FA26-76A5-457D-ADED-B863B61904AE}.Release|Any CPU.ActiveCfg = Release|Any CPU
		{7E01FA26-76A5-457D-ADED-B863B61904AE}.Release|Any CPU.Build.0 = Release|Any CPU
	EndGlobalSection
	GlobalSection(SolutionProperties) = preSolution
		HideSolutionNode = FALSE
	EndGlobalSection
	GlobalSection(ExtensibilityGlobals) = postSolution
		SolutionGuid = {1D0203D1-9BED-4E20-96C3-54AAAC020F5C}
	EndGlobalSection
EndGlobal
